<?xml version="1.0" encoding="utf-8"?>
<Project xmlns="http://schemas.microsoft.com/developer/msbuild/2003">
  <PropertyGroup>
    <ProjectGuid>{5b4d7e19-e450-42a2-a0c7-e85a59fc3f8f}</ProjectGuid>
    <Configuration Condition=" '$(Configuration)' == '' ">Debug</Configuration>
    <Platform Condition=" '$(Platform)' == '' ">AnyCPU</Platform>
    <DCC_DCCCompiler>DCC32</DCC_DCCCompiler>
    <DCC_DependencyCheckOutputName>app_11_ThreadPool.exe</DCC_DependencyCheckOutputName>
    <MainSource>app_11_ThreadPool.dpr</MainSource>
  </PropertyGroup>
  <PropertyGroup Condition=" '$(Configuration)|$(Platform)' == 'Release|AnyCPU' ">
    <Version>7.0</Version>
    <DCC_DebugInformation>False</DCC_DebugInformation>
    <DCC_LocalDebugSymbols>False</DCC_LocalDebugSymbols>
    <DCC_SymbolReferenceInfo>0</DCC_SymbolReferenceInfo>
    <DCC_Define>RELEASE</DCC_Define>
  </PropertyGroup>
  <PropertyGroup Condition=" '$(Configuration)|$(Platform)' == 'Debug|AnyCPU' ">
    <Version>7.0</Version>
    <DCC_Define>DEBUG;FullDebugMode;CatchUseOfFreedInterfaces</DCC_Define>
    <DCC_UnitSearchPath>H:\RAZVOJ\OmniThreadLibrary;H:\RAZVOJ\OmniThreadLibrary\src;x:\gp\common;x:\common\jwa;x:\common\src;x:\common\omnixml;x:\gp\common\except;..\..;..\..\src;..\..\fastmm4</DCC_UnitSearchPath>
    <DCC_ResourcePath>H:\RAZVOJ\OmniThreadLibrary;H:\RAZVOJ\OmniThreadLibrary\src;x:\gp\common;x:\common\jwa;x:\common\src;x:\common\omnixml;x:\gp\common\except;..\..;..\..\src;..\..\fastmm4</DCC_ResourcePath>
    <DCC_ObjPath>H:\RAZVOJ\OmniThreadLibrary;H:\RAZVOJ\OmniThreadLibrary\src;x:\gp\common;x:\common\jwa;x:\common\src;x:\common\omnixml;x:\gp\common\except;..\..;..\..\src;..\..\fastmm4</DCC_ObjPath>
    <DCC_IncludePath>H:\RAZVOJ\OmniThreadLibrary;H:\RAZVOJ\OmniThreadLibrary\src;x:\gp\common;x:\common\jwa;x:\common\src;x:\common\omnixml;x:\gp\common\except;..\..;..\..\src;..\..\fastmm4</DCC_IncludePath>
    <DCC_SYMBOL_PLATFORM>False</DCC_SYMBOL_PLATFORM>
    <DCC_RangeChecking>True</DCC_RangeChecking>
    <DCC_Optimize>False</DCC_Optimize>
    <DCC_MapFile>3</DCC_MapFile>
    <DCC_WriteableConstants>True</DCC_WriteableConstants>
  </PropertyGroup>
  <ProjectExtensions>
    <Borland.Personality>Delphi.Personality</Borland.Personality>
    <Borland.ProjectType />
    <BorlandProject>
<BorlandProject><Delphi.Personality><Parameters><Parameters Name="UseLauncher">False</Parameters><Parameters Name="LoadAllSymbols">True</Parameters><Parameters Name="LoadUnspecifiedSymbols">False</Parameters></Parameters><VersionInfo><VersionInfo Name="IncludeVerInfo">False</VersionInfo><VersionInfo Name="AutoIncBuild">False</VersionInfo><VersionInfo Name="MajorVer">1</VersionInfo><VersionInfo Name="MinorVer">0</VersionInfo><VersionInfo Name="Release">0</VersionInfo><VersionInfo Name="Build">0</VersionInfo><VersionInfo Name="Debug">False</VersionInfo><VersionInfo Name="PreRelease">False</VersionInfo><VersionInfo Name="Special">False</VersionInfo><VersionInfo Name="Private">False</VersionInfo><VersionInfo Name="DLL">False</VersionInfo><VersionInfo Name="Locale">1060</VersionInfo><VersionInfo Name="CodePage">1250</VersionInfo></VersionInfo><VersionInfoKeys><VersionInfoKeys Name="CompanyName"></VersionInfoKeys><VersionInfoKeys Name="FileDescription"></VersionInfoKeys><VersionInfoKeys Name="FileVersion">1.0.0.0</VersionInfoKeys><VersionInfoKeys Name="InternalName"></VersionInfoKeys><VersionInfoKeys Name="LegalCopyright"></VersionInfoKeys><VersionInfoKeys Name="LegalTrademarks"></VersionInfoKeys><VersionInfoKeys Name="OriginalFilename"></VersionInfoKeys><VersionInfoKeys Name="ProductName"></VersionInfoKeys><VersionInfoKeys Name="ProductVersion">1.0.0.0</VersionInfoKeys><VersionInfoKeys Name="Comments"></VersionInfoKeys></VersionInfoKeys><Source><Source Name="MainSource">app_11_ThreadPool.dpr</Source></Source></Delphi.Personality></BorlandProject></BorlandProject>
  </ProjectExtensions>
  <Import Project="$(MSBuildBinPath)\Borland.Delphi.Targets" />
  <ItemGroup>
    <DelphiCompile Include="app_11_ThreadPool.dpr">
      <MainSource>MainSource</MainSource>
    </DelphiCompile>
    <DCCReference Include="..\..\OtlComm.pas" />
    <DCCReference Include="..\..\OtlTaskControl.pas" />
    <DCCReference Include="test_11_ThreadPool.pas">
      <Form>frmTestOtlThreadPool</Form>
    </DCCReference>
  </ItemGroup>
</Project>