	<Project xmlns="http://schemas.microsoft.com/developer/msbuild/2003">
		<PropertyGroup>
			<ProjectGuid>{19D42702-84AB-485F-96F8-48115E167786}</ProjectGuid>
			<ProjectVersion>13.4</ProjectVersion>
			<FrameworkType>VCL</FrameworkType>
			<MainSource>app_55_ForEachProgress.dpr</MainSource>
			<Base>True</Base>
			<Config Condition="'$(Config)'==''">Debug</Config>
			<Platform Condition="'$(Platform)'==''">Win32</Platform>
			<TargetedPlatforms>1</TargetedPlatforms>
			<AppType>Application</AppType>
			<DCC_DCCCompiler>DCC32</DCC_DCCCompiler>
		</PropertyGroup>
		<PropertyGroup Condition="'$(Config)'=='Base' or '$(Base)'!=''">
			<Base>true</Base>
		</PropertyGroup>
		<PropertyGroup Condition="'$(Config)'=='Debug' or '$(Cfg_1)'!=''">
			<Cfg_1>true</Cfg_1>
			<CfgParent>Base</CfgParent>
			<Base>true</Base>
		</PropertyGroup>
		<PropertyGroup Condition="'$(Config)'=='Release' or '$(Cfg_2)'!=''">
			<Cfg_2>true</Cfg_2>
			<CfgParent>Base</CfgParent>
			<Base>true</Base>
		</PropertyGroup>
		<PropertyGroup Condition="'$(Base)'!=''">
			<DCC_DependencyCheckOutputName>%Platform%\%Config%\app_55_ForEachProgress.exe</DCC_DependencyCheckOutputName>
			<DCC_Namespace>System;Xml;Data;Datasnap;Web;Soap;Vcl;Vcl.Imaging;Vcl.Touch;Vcl.Samples;Vcl.Shell;$(DCC_Namespace)</DCC_Namespace>
			<Icon_MainIcon>$(BDS)\bin\delphi_PROJECTICON.ico</Icon_MainIcon>
			<DCC_UsePackage>fmx;IndySystem;DBXInterBaseDriver;DbxCommonDriver;dbxcds;CustomIPTransport;JvCore;dsnap;fmxase;IndyCore;CloudService;FmxTeeUI;inetdbxpress;bindcompfmx;rtl;dbrtl;DbxClientDriver;bindcomp;inetdb;xmlrtl;ibxpress;IndyProtocols;DBXMySQLDriver;bindengine;soaprtl;FMXTee;inet;fmxobj;fmxdae;kbmMemRunDXE2Std;dbexpress;$(DCC_UsePackage)</DCC_UsePackage>
			<DCC_DcuOutput>.\$(Platform)\$(Config)</DCC_DcuOutput>
			<DCC_ExeOutput>.\$(Platform)\$(Config)</DCC_ExeOutput>
		</PropertyGroup>
		<PropertyGroup Condition="'$(Cfg_1)'!=''">
			<DCC_Define>DEBUG;$(DCC_Define)</DCC_Define>
			<DCC_Optimize>false</DCC_Optimize>
			<DCC_GenerateStackFrames>true</DCC_GenerateStackFrames>
			<DCC_DebugInfoInExe>true</DCC_DebugInfoInExe>
			<DCC_RemoteDebug>true</DCC_RemoteDebug>
		</PropertyGroup>
		<PropertyGroup Condition="'$(Cfg_2)'!=''">
			<DCC_LocalDebugSymbols>false</DCC_LocalDebugSymbols>
			<DCC_Define>RELEASE;$(DCC_Define)</DCC_Define>
			<DCC_SymbolReferenceInfo>0</DCC_SymbolReferenceInfo>
			<DCC_DebugInformation>false</DCC_DebugInformation>
		</PropertyGroup>
		<ItemGroup>
			<DelphiCompile Include="app_55_ForEachProgress.dpr">
				<MainSource>MainSource</MainSource>
			</DelphiCompile>
			<DCCReference Include="test_55_ForEachProgress.pas">
				<FormType>dfm</FormType>
				<Form>frmForEachWithProgressBar</Form>
			</DCCReference>
			<BuildConfiguration Include="Base">
				<Key>Base</Key>
			</BuildConfiguration>
			<BuildConfiguration Include="Release">
				<Key>Cfg_2</Key>
				<CfgParent>Base</CfgParent>
			</BuildConfiguration>
			<BuildConfiguration Include="Debug">
				<Key>Cfg_1</Key>
				<CfgParent>Base</CfgParent>
			</BuildConfiguration>
		</ItemGroup>
		<Import Project="$(BDS)\Bin\CodeGear.Delphi.Targets" Condition="Exists('$(BDS)\Bin\CodeGear.Delphi.Targets')"/>
		<ProjectExtensions>
			<Borland.Personality>Delphi.Personality.12</Borland.Personality>
			<Borland.ProjectType/>
			<BorlandProject>
				<Delphi.Personality>
					<Source>
						<Source Name="MainSource">app_55_ForEachProgress.dpr</Source>
					</Source>
					<VersionInfo>
						<VersionInfo Name="IncludeVerInfo">True</VersionInfo>
						<VersionInfo Name="AutoIncBuild">False</VersionInfo>
						<VersionInfo Name="MajorVer">1</VersionInfo>
						<VersionInfo Name="MinorVer">0</VersionInfo>
						<VersionInfo Name="Release">0</VersionInfo>
						<VersionInfo Name="Build">0</VersionInfo>
						<VersionInfo Name="Debug">False</VersionInfo>
						<VersionInfo Name="PreRelease">False</VersionInfo>
						<VersionInfo Name="Special">False</VersionInfo>
						<VersionInfo Name="Private">False</VersionInfo>
						<VersionInfo Name="DLL">False</VersionInfo>
						<VersionInfo Name="Locale">1060</VersionInfo>
						<VersionInfo Name="CodePage">1250</VersionInfo>
					</VersionInfo>
					<VersionInfoKeys>
						<VersionInfoKeys Name="CompanyName"/>
						<VersionInfoKeys Name="FileDescription"/>
						<VersionInfoKeys Name="FileVersion">1.0.0.0</VersionInfoKeys>
						<VersionInfoKeys Name="InternalName"/>
						<VersionInfoKeys Name="LegalCopyright"/>
						<VersionInfoKeys Name="LegalTrademarks"/>
						<VersionInfoKeys Name="OriginalFilename"/>
						<VersionInfoKeys Name="ProductName"/>
						<VersionInfoKeys Name="ProductVersion">1.0.0.0</VersionInfoKeys>
						<VersionInfoKeys Name="Comments"/>
					</VersionInfoKeys>
					<Excluded_Packages>
						<Excluded_Packages Name="C:\Users\Public\Documents\RAD Studio\9.0\Bpl\AsyncPro_DXE2.bpl">TurboPower Async Professional 5.01 Runtime Package</Excluded_Packages>
						<Excluded_Packages Name="C:\Users\Public\Documents\RAD Studio\9.0\Bpl\dxGDIPlusRS16.bpl">ExpressGDI+ Library by Developer Express Inc.</Excluded_Packages>
						<Excluded_Packages Name="C:\Users\Public\Documents\RAD Studio\9.0\Bpl\dxBarDBNavRS16.bpl">ExpressBars DBNavigator by Developer Express Inc.</Excluded_Packages>
						<Excluded_Packages Name="%BDSBIN%\dclib160.bpl">Embarcadero InterBase Express Components</Excluded_Packages>
						<Excluded_Packages Name="C:\Users\Public\Documents\RAD Studio\9.0\Bpl\OverbyteIcsDXe2Design.bpl">Overbyte ICS Design-Time Package for Delphi XE2</Excluded_Packages>
						<Excluded_Packages Name="C:\Users\Public\Documents\RAD Studio\9.0\Bpl\B305vdXE2.bpl">File C:\Users\Public\Documents\RAD Studio\9.0\Bpl\B305vdXE2.bpl not found</Excluded_Packages>
						<Excluded_Packages Name="C:\Users\Public\Documents\RAD Studio\9.0\Bpl\JclVersionControlExpert160.bpl">JCL Integration of version control systems in the IDE</Excluded_Packages>
						<Excluded_Packages Name="%BDSBIN%\dcloffice2k160.bpl">Microsoft Office 2000 Sample Automation Server Wrapper Components</Excluded_Packages>
						<Excluded_Packages Name="%BDSBIN%\dclofficexp160.bpl">Microsoft Office XP Sample Automation Server Wrapper Components</Excluded_Packages>
						<Excluded_Packages Name="%BDSBIN%\dclIPIndyImpl160.bpl">IP Abstraction Indy Implementation Design Time</Excluded_Packages>
						<Excluded_Packages Name="C:\Users\Public\Documents\RAD Studio\9.0\Bpl\JclDebugExpert160.bpl">File C:\Users\Public\Documents\RAD Studio\9.0\Bpl\JclDebugExpert160.bpl not found</Excluded_Packages>
						<Excluded_Packages Name="C:\Users\Public\Documents\RAD Studio\9.0\Bpl\JclProjectAnalysisExpert160.bpl">File C:\Users\Public\Documents\RAD Studio\9.0\Bpl\JclProjectAnalysisExpert160.bpl not found</Excluded_Packages>
						<Excluded_Packages Name="C:\Users\Public\Documents\RAD Studio\9.0\Bpl\JclFavoriteFoldersExpert160.bpl">File C:\Users\Public\Documents\RAD Studio\9.0\Bpl\JclFavoriteFoldersExpert160.bpl not found</Excluded_Packages>
						<Excluded_Packages Name="C:\Users\Public\Documents\RAD Studio\9.0\Bpl\JclRepositoryExpert160.bpl">File C:\Users\Public\Documents\RAD Studio\9.0\Bpl\JclRepositoryExpert160.bpl not found</Excluded_Packages>
						<Excluded_Packages Name="C:\Users\Public\Documents\RAD Studio\9.0\Bpl\JclSIMDViewExpert160.bpl">File C:\Users\Public\Documents\RAD Studio\9.0\Bpl\JclSIMDViewExpert160.bpl not found</Excluded_Packages>
						<Excluded_Packages Name="C:\Users\Public\Documents\RAD Studio\9.0\Bpl\JclStackTraceViewerExpert160.bpl">File C:\Users\Public\Documents\RAD Studio\9.0\Bpl\JclStackTraceViewerExpert160.bpl not found</Excluded_Packages>
						<Excluded_Packages Name="C:\Users\Public\Documents\RAD Studio\9.0\Bpl\OmniThreadLibraryDesigntimeXE2.bpl">OmniThreadLibrary designtime</Excluded_Packages>
					</Excluded_Packages>
					<Parameters>
						<Parameters Name="UseLauncher">False</Parameters>
						<Parameters Name="LoadAllSymbols">True</Parameters>
						<Parameters Name="LoadUnspecifiedSymbols">False</Parameters>
					</Parameters>
				</Delphi.Personality>
				<Deployment/>
				<Platforms>
					<Platform value="Win64">False</Platform>
					<Platform value="Win32">True</Platform>
				</Platforms>
			</BorlandProject>
			<ProjectFileVersion>12</ProjectFileVersion>
		</ProjectExtensions>
	</Project>
