<?xml version="1.0" encoding="utf-8"?>
<Project xmlns="http://schemas.microsoft.com/developer/msbuild/2003">
  <PropertyGroup>
    <ProjectGuid>{cb8458c7-1c39-40fc-9c9d-619989ba5774}</ProjectGuid>
    <MainSource>OmniThreadLibrary_D2007.dpk</MainSource>
    <Configuration Condition=" '$(Configuration)' == '' ">Debug</Configuration>
    <Platform Condition=" '$(Platform)' == '' ">AnyCPU</Platform>
    <DCC_DCCCompiler>DCC32</DCC_DCCCompiler>
    <DCC_DependencyCheckOutputName>C:\Documents and Settings\All Users\Documents\RAD Studio\5.0\Bpl\OmniThreadLibrary_D2007.bpl</DCC_DependencyCheckOutputName>
  </PropertyGroup>
  <PropertyGroup Condition=" '$(Configuration)|$(Platform)' == 'Release|AnyCPU' ">
    <Version>7.0</Version>
    <DCC_DebugInformation>False</DCC_DebugInformation>
    <DCC_WriteableConstants>True</DCC_WriteableConstants>
    <DCC_LocalDebugSymbols>False</DCC_LocalDebugSymbols>
    <DCC_RangeChecking>True</DCC_RangeChecking>
    <DCC_SymbolReferenceInfo>0</DCC_SymbolReferenceInfo>
    <DCC_Define>RELEASE</DCC_Define>
  </PropertyGroup>
  <PropertyGroup Condition=" '$(Configuration)|$(Platform)' == 'Debug|AnyCPU' ">
    <Version>7.0</Version>
    <DCC_WriteableConstants>True</DCC_WriteableConstants>
    <DCC_RangeChecking>True</DCC_RangeChecking>
    <DCC_UnitSearchPath>..\src</DCC_UnitSearchPath>
    <DCC_ResourcePath>..\src</DCC_ResourcePath>
    <DCC_ObjPath>..\src</DCC_ObjPath>
    <DCC_IncludePath>..\src</DCC_IncludePath>
  </PropertyGroup>
  <ProjectExtensions>
    <Borland.Personality>Delphi.Personality</Borland.Personality>
    <Borland.ProjectType>Package</Borland.ProjectType>
    <BorlandProject>
<BorlandProject><Delphi.Personality><Parameters><Parameters Name="UseLauncher">False</Parameters><Parameters Name="LoadAllSymbols">True</Parameters><Parameters Name="LoadUnspecifiedSymbols">False</Parameters></Parameters><Package_Options><Package_Options Name="ImplicitBuild">True</Package_Options><Package_Options Name="DesigntimeOnly">False</Package_Options><Package_Options Name="RuntimeOnly">False</Package_Options></Package_Options><VersionInfo><VersionInfo Name="IncludeVerInfo">True</VersionInfo><VersionInfo Name="AutoIncBuild">False</VersionInfo><VersionInfo Name="MajorVer">1</VersionInfo><VersionInfo Name="MinorVer">0</VersionInfo><VersionInfo Name="Release">0</VersionInfo><VersionInfo Name="Build">0</VersionInfo><VersionInfo Name="Debug">False</VersionInfo><VersionInfo Name="PreRelease">False</VersionInfo><VersionInfo Name="Special">False</VersionInfo><VersionInfo Name="Private">False</VersionInfo><VersionInfo Name="DLL">False</VersionInfo><VersionInfo Name="Locale">1060</VersionInfo><VersionInfo Name="CodePage">1250</VersionInfo></VersionInfo><VersionInfoKeys><VersionInfoKeys Name="CompanyName"></VersionInfoKeys><VersionInfoKeys Name="FileDescription"></VersionInfoKeys><VersionInfoKeys Name="FileVersion">1.0.0.0</VersionInfoKeys><VersionInfoKeys Name="InternalName"></VersionInfoKeys><VersionInfoKeys Name="LegalCopyright"></VersionInfoKeys><VersionInfoKeys Name="LegalTrademarks"></VersionInfoKeys><VersionInfoKeys Name="OriginalFilename"></VersionInfoKeys><VersionInfoKeys Name="ProductName"></VersionInfoKeys><VersionInfoKeys Name="ProductVersion">1.0.0.0</VersionInfoKeys><VersionInfoKeys Name="Comments"></VersionInfoKeys></VersionInfoKeys><Excluded_Packages>
      
      
      
      
      
      
      
      
      
      
      <Excluded_Packages Name="C:\Users\Public\Documents\RAD Studio\5.0\Bpl\dclSvComV6D10.bpl">SvCom Components</Excluded_Packages>
      <Excluded_Packages Name="C:\Users\Public\Documents\RAD Studio\5.0\Bpl\OverbyteIcsDel100Package.bpl">Overbyte ICS for Delphi 2006</Excluded_Packages>
      <Excluded_Packages Name="C:\Users\Public\Documents\RAD Studio\5.0\Bpl\GpSOSPkgD2007_ICS6.bpl">Solid Oak Software Components (Gp)</Excluded_Packages>
      <Excluded_Packages Name="$(BDS)\bin\dcloffice2k100.bpl">Microsoft Office 2000 Sample Automation Server Wrapper Components</Excluded_Packages>
      <Excluded_Packages Name="$(BDS)\bin\dclofficexp100.bpl">Microsoft Office XP Sample Automation Server Wrapper Components</Excluded_Packages>
    </Excluded_Packages><Source><Source Name="MainSource">OmniThreadLibrary_D2007.dpk</Source></Source></Delphi.Personality><ModelSupport>False</ModelSupport></BorlandProject></BorlandProject>
  </ProjectExtensions>
  <Import Project="$(MSBuildBinPath)\Borland.Delphi.Targets" />
  <ItemGroup>
    <DelphiCompile Include="OmniThreadLibrary_D2007.dpk">
      <MainSource>MainSource</MainSource>
    </DelphiCompile>
    <DCCReference Include="..\OtlComm.pas" />
    <DCCReference Include="..\OtlCommon.pas" />
    <DCCReference Include="..\OtlTask.pas" />
    <DCCReference Include="..\OtlTaskEvents.pas" />
    <DCCReference Include="..\OtlThreadPool.pas" />
    <DCCReference Include="..\src\DSiWin32.pas" />
    <DCCReference Include="..\src\GpLists.pas" />
    <DCCReference Include="..\src\GpStuff.pas" />
    <DCCReference Include="..\src\HVStringBuilder.pas" />
    <DCCReference Include="..\src\HVStringData.pas" />
    <DCCReference Include="..\src\SpinLock.pas" />
    <DCCReference Include="C:\Users\gabr\Desktop\vclcontainsOtlTaskEventsin.dcp" />
    <DCCReference Include="rtl.dcp" />
    <DCCReference Include="vcl.dcp" />
    <DCCReference Include="vclx.dcp" />
  </ItemGroup>
</Project>