	<Project xmlns="http://schemas.microsoft.com/developer/msbuild/2003">
		<PropertyGroup>
			<ProjectGuid>{4D5F06D0-5198-40BA-BFF2-51AE4CEA225C}</ProjectGuid>
			<ProjectVersion>16.1</ProjectVersion>
			<FrameworkType>VCL</FrameworkType>
			<MainSource>app_61_CollectionToArray.dpr</MainSource>
			<Base>True</Base>
			<Config Condition="'$(Config)'==''">Debug</Config>
			<Platform Condition="'$(Platform)'==''">Win32</Platform>
			<TargetedPlatforms>1</TargetedPlatforms>
			<AppType>Application</AppType>
		</PropertyGroup>
		<PropertyGroup Condition="'$(Config)'=='Base' or '$(Base)'!=''">
			<Base>true</Base>
		</PropertyGroup>
		<PropertyGroup Condition="('$(Platform)'=='Win64' and '$(Base)'=='true') or '$(Base_Win64)'!=''">
			<Base_Win64>true</Base_Win64>
			<CfgParent>Base</CfgParent>
			<Base>true</Base>
		</PropertyGroup>
		<PropertyGroup Condition="('$(Platform)'=='Win32' and '$(Base)'=='true') or '$(Base_Win32)'!=''">
			<Base_Win32>true</Base_Win32>
			<CfgParent>Base</CfgParent>
			<Base>true</Base>
		</PropertyGroup>
		<PropertyGroup Condition="'$(Config)'=='Debug' or '$(Cfg_1)'!=''">
			<Cfg_1>true</Cfg_1>
			<CfgParent>Base</CfgParent>
			<Base>true</Base>
		</PropertyGroup>
		<PropertyGroup Condition="('$(Platform)'=='Win32' and '$(Cfg_1)'=='true') or '$(Cfg_1_Win32)'!=''">
			<Cfg_1_Win32>true</Cfg_1_Win32>
			<CfgParent>Cfg_1</CfgParent>
			<Cfg_1>true</Cfg_1>
			<Base>true</Base>
		</PropertyGroup>
		<PropertyGroup Condition="'$(Config)'=='Release' or '$(Cfg_2)'!=''">
			<Cfg_2>true</Cfg_2>
			<CfgParent>Base</CfgParent>
			<Base>true</Base>
		</PropertyGroup>
		<PropertyGroup Condition="'$(Base)'!=''">
			<SanitizedProjectName>Project33</SanitizedProjectName>
			<DCC_Namespace>System;Xml;Data;Datasnap;Web;Soap;Vcl;Vcl.Imaging;Vcl.Touch;Vcl.Samples;Vcl.Shell;$(DCC_Namespace)</DCC_Namespace>
			<Icon_MainIcon>$(BDS)\bin\delphi_PROJECTICON.ico</Icon_MainIcon>
			<DCC_UsePackage>fmx;IndySystem;DBXInterBaseDriver;DataSnapClient;DataSnapCommon;DataSnapServer;DataSnapProviderClient;DbxCommonDriver;dbxcds;DBXOracleDriver;CustomIPTransport;JvCore;dsnap;fmxase;IndyCore;inetdbxpress;bindcompfmx;IcsCommonDXE2Run;rtl;dbrtl;DbxClientDriver;bindcomp;inetdb;xmlrtl;ibxpress;IndyProtocols;DBXMySQLDriver;bindengine;soaprtl;DBXInformixDriver;DBXFirebirdDriver;inet;fmxobj;DBXSybaseASADriver;fmxdae;kbmMemRunDXE2Std;dbexpress;DataSnapIndy10ServerTransport;$(DCC_UsePackage)</DCC_UsePackage>
			<DCC_DcuOutput>.\$(Platform)\$(Config)</DCC_DcuOutput>
			<DCC_ExeOutput>.\$(Platform)\$(Config)</DCC_ExeOutput>
		</PropertyGroup>
		<PropertyGroup Condition="'$(Base_Win64)'!=''">
			<DCC_UsePackage>cxLibraryRS16;dxLayoutControlRS16;dxCoreRS16;cxExportRS16;dxBarRS16;TeeDB;dxDBXServerModeRS16;vclib;cxPageControlRS16;dxRibbonRS16;DBXSybaseASEDriver;vclimg;dxComnRS16;vcldb;dxADOServerModeRS16;vcldsnap;dxBarExtDBItemsRS16;DBXDb2Driver;vcl;DBXMSSQLDriver;cxDataRS16;cxBarEditItemRS16;cxPageControldxBarPopupMenuRS16;webdsnap;dxBarExtItemsRS16;adortl;dxNavBarRS16;Tee;DBXOdbcDriver;dxmdsRS16;cxGridRS16;cxEditorsRS16;vclactnband;TeeUI;dxServerModeRS16;bindcompvcl;vclie;vcltouch;websnap;VclSmp;dxTabbedMDIRS16;DataSnapConnectors;dsnapcon;dxThemeRS16;vclx;dxBarDBNavRS16;dxGDIPlusRS16;$(DCC_UsePackage)</DCC_UsePackage>
		</PropertyGroup>
		<PropertyGroup Condition="'$(Base_Win32)'!=''">
			<Manifest_File>$(BDS)\bin\default_app.manifest</Manifest_File>
			<VerInfo_Locale>1033</VerInfo_Locale>
			<VerInfo_IncludeVerInfo>true</VerInfo_IncludeVerInfo>
			<DCC_UsePackage>fsADO16;JvBDE;JvGlobus;JvMM;cxLibraryRS16;dxLayoutControlRS16;JvManagedThreads;dxCoreRS16;cxExportRS16;dxBarRS16;AbbreviaVCL;JvDlgs;JvCrypt;TeeDB;dxDBXServerModeRS16;frxTee16;inetdbbde;Rave100VCL;frxBDE16;RemObjects_WebBroker_D16;vclib;JvNet;cxPageControlRS16;dxRibbonRS16;DBXSybaseASEDriver;fsIBX16;vclSvComV7D16;vclimg;JvDotNetCtrls;RemObjects_Indy_D16;fmi;dxComnRS16;JvXPCtrls;AsyncPro;vcldb;dxADOServerModeRS16;vcldsnap;dxBarExtDBItemsRS16;DBXDb2Driver;Intraweb_120_160;dwsLibRuntime;frxADO16;vclribbon;frxe16;vcl;CloudService;DBXMSSQLDriver;FmxTeeUI;cxDataRS16;cxBarEditItemRS16;cxPageControldxBarPopupMenuRS16;dxDockingRS16;fsTee16;JvAppFrm;JvDB;JvRuntimeDesign;hexlicensemgr;webdsnap;dxBarExtItemsRS16;GR32_DSGN_RSXE2;JclDeveloperTools;GR32_RSXE2;JvDocking;adortl;JvWizards;JvHMI;frxDBX16;JvBands;vcldbx;dxNavBarRS16;frx16;VirtualTreesD;JvPluginSystem;Tee;DBXOdbcDriver;TsiLang_XE2r;JvCmp;JvSystem;svnui;JvTimeFramework;JvControls;dxmdsRS16;fsBDE16;intrawebdb_120_160;cxGridRS16;frxDB16;cxEditorsRS16;vclactnband;FMXTee;TeeUI;dxServerModeRS16;bindcompvcl;fs16;frxcs16;Jcl;vclie;JvStdCtrls;JvCustom;JvJans;JvPageComps;JvPrintPreview;vcltouch;websnap;VclSmp;dxTabbedMDIRS16;fsDB16;DataSnapConnectors;dsnapcon;dxThemeRS16;JclVcl;JvPascalInterpreter;vclx;svn;bdertl;VirtualTreesR;RemObjects_Synapse_D16;frxIBX16;dxBarDBNavRS16;dxGDIPlusRS16;$(DCC_UsePackage)</DCC_UsePackage>
			<VerInfo_Keys>CompanyName=;FileDescription=;FileVersion=1.0.0.0;InternalName=;LegalCopyright=;LegalTrademarks=;OriginalFilename=;ProductName=;ProductVersion=1.0.0.0;Comments=</VerInfo_Keys>
			<DCC_Namespace>Winapi;System.Win;Data.Win;Datasnap.Win;Web.Win;Soap.Win;Xml.Win;Bde;$(DCC_Namespace)</DCC_Namespace>
		</PropertyGroup>
		<PropertyGroup Condition="'$(Cfg_1)'!=''">
			<DCC_Define>DEBUG;$(DCC_Define)</DCC_Define>
			<DCC_Optimize>false</DCC_Optimize>
			<DCC_GenerateStackFrames>true</DCC_GenerateStackFrames>
			<DCC_DebugInfoInExe>true</DCC_DebugInfoInExe>
			<DCC_RemoteDebug>true</DCC_RemoteDebug>
		</PropertyGroup>
		<PropertyGroup Condition="'$(Cfg_1_Win32)'!=''">
			<VerInfo_IncludeVerInfo>true</VerInfo_IncludeVerInfo>
			<VerInfo_Locale>1033</VerInfo_Locale>
			<DCC_UnitSearchPath>x:\common\omnithreadlibrary;x:\gp\common;$(DCC_UnitSearchPath)</DCC_UnitSearchPath>
			<DCC_RemoteDebug>false</DCC_RemoteDebug>
		</PropertyGroup>
		<PropertyGroup Condition="'$(Cfg_2)'!=''">
			<DCC_LocalDebugSymbols>false</DCC_LocalDebugSymbols>
			<DCC_Define>RELEASE;$(DCC_Define)</DCC_Define>
			<DCC_SymbolReferenceInfo>0</DCC_SymbolReferenceInfo>
			<DCC_DebugInformation>0</DCC_DebugInformation>
		</PropertyGroup>
		<ItemGroup>
			<DelphiCompile Include="$(MainSource)">
				<MainSource>MainSource</MainSource>
			</DelphiCompile>
			<DCCReference Include="test_61_CollectionToArray.pas">
				<Form>frmTestCollectionToArray</Form>
			</DCCReference>
			<BuildConfiguration Include="Release">
				<Key>Cfg_2</Key>
				<CfgParent>Base</CfgParent>
			</BuildConfiguration>
			<BuildConfiguration Include="Base">
				<Key>Base</Key>
			</BuildConfiguration>
			<BuildConfiguration Include="Debug">
				<Key>Cfg_1</Key>
				<CfgParent>Base</CfgParent>
			</BuildConfiguration>
		</ItemGroup>
		<ProjectExtensions>
			<Borland.Personality>Delphi.Personality.12</Borland.Personality>
			<Borland.ProjectType/>
			<BorlandProject>
				<Delphi.Personality>
					<VersionInfo>
						<VersionInfo Name="IncludeVerInfo">False</VersionInfo>
						<VersionInfo Name="AutoIncBuild">False</VersionInfo>
						<VersionInfo Name="MajorVer">1</VersionInfo>
						<VersionInfo Name="MinorVer">0</VersionInfo>
						<VersionInfo Name="Release">0</VersionInfo>
						<VersionInfo Name="Build">0</VersionInfo>
						<VersionInfo Name="Debug">False</VersionInfo>
						<VersionInfo Name="PreRelease">False</VersionInfo>
						<VersionInfo Name="Special">False</VersionInfo>
						<VersionInfo Name="Private">False</VersionInfo>
						<VersionInfo Name="DLL">False</VersionInfo>
						<VersionInfo Name="Locale">1060</VersionInfo>
						<VersionInfo Name="CodePage">1250</VersionInfo>
					</VersionInfo>
					<VersionInfoKeys>
						<VersionInfoKeys Name="CompanyName"/>
						<VersionInfoKeys Name="FileDescription"/>
						<VersionInfoKeys Name="FileVersion">1.0.0.0</VersionInfoKeys>
						<VersionInfoKeys Name="InternalName"/>
						<VersionInfoKeys Name="LegalCopyright"/>
						<VersionInfoKeys Name="LegalTrademarks"/>
						<VersionInfoKeys Name="OriginalFilename"/>
						<VersionInfoKeys Name="ProductName"/>
						<VersionInfoKeys Name="ProductVersion">1.0.0.0</VersionInfoKeys>
						<VersionInfoKeys Name="Comments"/>
					</VersionInfoKeys>
					<Excluded_Packages>
						<Excluded_Packages Name="x:\common\pkg\_packages\XE2\bpl\AsyncPro_DXE2.bpl">TurboPower Async Professional 5.01 Runtime Package</Excluded_Packages>
						<Excluded_Packages Name="x:\common\pkg\_packages\XE2\bpl\dxGDIPlusRS16.bpl">ExpressGDI+ Library by Developer Express Inc.</Excluded_Packages>
						<Excluded_Packages Name="x:\common\pkg\_packages\XE2\bpl\dxBarDBNavRS16.bpl">ExpressBars DBNavigator by Developer Express Inc.</Excluded_Packages>
						<Excluded_Packages Name="c:\0\jcl\jcl\lib\d16\win32\JclDebugExpert160.bpl">File c:\0\jcl\jcl\lib\d16\win32\JclDebugExpert160.bpl not found</Excluded_Packages>
						<Excluded_Packages Name="c:\0\jcl\jcl\lib\d16\win32\JclProjectAnalysisExpert160.bpl">File c:\0\jcl\jcl\lib\d16\win32\JclProjectAnalysisExpert160.bpl not found</Excluded_Packages>
						<Excluded_Packages Name="c:\0\jcl\jcl\lib\d16\win32\JclFavoriteFoldersExpert160.bpl">File c:\0\jcl\jcl\lib\d16\win32\JclFavoriteFoldersExpert160.bpl not found</Excluded_Packages>
						<Excluded_Packages Name="c:\0\jcl\jcl\lib\d16\win32\JclRepositoryExpert160.bpl">File c:\0\jcl\jcl\lib\d16\win32\JclRepositoryExpert160.bpl not found</Excluded_Packages>
						<Excluded_Packages Name="c:\0\jcl\jcl\lib\d16\win32\JclSIMDViewExpert160.bpl">File c:\0\jcl\jcl\lib\d16\win32\JclSIMDViewExpert160.bpl not found</Excluded_Packages>
						<Excluded_Packages Name="c:\0\jcl\jcl\lib\d16\win32\JclStackTraceViewerExpert160.bpl">File c:\0\jcl\jcl\lib\d16\win32\JclStackTraceViewerExpert160.bpl not found</Excluded_Packages>
						<Excluded_Packages Name="C:\Users\Public\Documents\RAD Studio\9.0\Bpl\SynEdit_DXE2.bpl">SynEdit component suite</Excluded_Packages>
						<Excluded_Packages Name="C:\Users\Public\Documents\RAD Studio\9.0\Bpl\OverbyteIcsDXe2Design.bpl">Overbyte ICS Design-Time Package for Delphi XE2</Excluded_Packages>
						<Excluded_Packages Name="C:\Users\Public\Documents\RAD Studio\9.0\Bpl\JclVersionControlExpert160.bpl">JCL Integration of version control systems in the IDE</Excluded_Packages>
						<Excluded_Packages Name="$(BDSBIN)\dcloffice2k160.bpl">Microsoft Office 2000 Sample Automation Server Wrapper Components</Excluded_Packages>
						<Excluded_Packages Name="$(BDSBIN)\dclofficexp160.bpl">Microsoft Office XP Sample Automation Server Wrapper Components</Excluded_Packages>
						<Excluded_Packages Name="$(BDSBIN)\dclIPIndyImpl160.bpl">IP Abstraction Indy Implementation Design Time</Excluded_Packages>
						<Excluded_Packages Name="C:\Users\Public\Documents\RAD Studio\9.0\Bpl\OmniThreadLibraryDesigntimeXE2.bpl">OmniThreadLibrary designtime</Excluded_Packages>
					</Excluded_Packages>
					<Source>
						<Source Name="MainSource">app_61_CollectionToArray.dpr</Source>
					</Source>
				</Delphi.Personality>
				<Deployment/>
				<Platforms>
					<Platform value="Win64">False</Platform>
					<Platform value="Win32">True</Platform>
				</Platforms>
			</BorlandProject>
			<ProjectFileVersion>12</ProjectFileVersion>
		</ProjectExtensions>
		<Import Condition="Exists('$(BDS)\Bin\CodeGear.Delphi.Targets')" Project="$(BDS)\Bin\CodeGear.Delphi.Targets"/>
		<Import Condition="Exists('$(APPDATA)\Embarcadero\$(BDSAPPDATABASEDIR)\$(PRODUCTVERSION)\UserTools.proj')" Project="$(APPDATA)\Embarcadero\$(BDSAPPDATABASEDIR)\$(PRODUCTVERSION)\UserTools.proj"/>
	</Project>
