<Project xmlns="http://schemas.microsoft.com/developer/msbuild/2003">
    <PropertyGroup>
        <ProjectGuid>{FC1804D6-2044-4260-93D8-AE8717A20C31}</ProjectGuid>
        <ProjectVersion>15.3</ProjectVersion>
        <FrameworkType>VCL</FrameworkType>
        <MainSource>app_61_CollectionToArray.dpr</MainSource>
        <Base>True</Base>
        <Config Condition="'$(Config)'==''">Debug</Config>
        <Platform Condition="'$(Platform)'==''">Win32</Platform>
        <TargetedPlatforms>1</TargetedPlatforms>
        <AppType>Application</AppType>
    </PropertyGroup>
    <PropertyGroup Condition="'$(Config)'=='Base' or '$(Base)'!=''">
        <Base>true</Base>
    </PropertyGroup>
    <PropertyGroup Condition="('$(Platform)'=='Win32' and '$(Base)'=='true') or '$(Base_Win32)'!=''">
        <Base_Win32>true</Base_Win32>
        <CfgParent>Base</CfgParent>
        <Base>true</Base>
    </PropertyGroup>
    <PropertyGroup Condition="('$(Platform)'=='Win64' and '$(Base)'=='true') or '$(Base_Win64)'!=''">
        <Base_Win64>true</Base_Win64>
        <CfgParent>Base</CfgParent>
        <Base>true</Base>
    </PropertyGroup>
    <PropertyGroup Condition="'$(Config)'=='Debug' or '$(Cfg_1)'!=''">
        <Cfg_1>true</Cfg_1>
        <CfgParent>Base</CfgParent>
        <Base>true</Base>
    </PropertyGroup>
    <PropertyGroup Condition="('$(Platform)'=='Win32' and '$(Cfg_1)'=='true') or '$(Cfg_1_Win32)'!=''">
        <Cfg_1_Win32>true</Cfg_1_Win32>
        <CfgParent>Cfg_1</CfgParent>
        <Cfg_1>true</Cfg_1>
        <Base>true</Base>
    </PropertyGroup>
    <PropertyGroup Condition="'$(Config)'=='Release' or '$(Cfg_2)'!=''">
        <Cfg_2>true</Cfg_2>
        <CfgParent>Base</CfgParent>
        <Base>true</Base>
    </PropertyGroup>
    <PropertyGroup Condition="'$(Base)'!=''">
        <DCC_Namespace>System;Xml;Data;Datasnap;Web;Soap;Vcl;Vcl.Imaging;Vcl.Touch;Vcl.Samples;Vcl.Shell;$(DCC_Namespace)</DCC_Namespace>
        <Icon_MainIcon>$(BDS)\bin\delphi_PROJECTICON.ico</Icon_MainIcon>
        <DCC_UsePackage>fmx;IndySystem;DBXInterBaseDriver;DbxCommonDriver;dbxcds;CustomIPTransport;JvCore;dsnap;fmxase;IndyCore;CloudService;FmxTeeUI;inetdbxpress;bindcompfmx;IcsCommonDXE2Run;rtl;dbrtl;DbxClientDriver;bindcomp;inetdb;xmlrtl;ibxpress;IndyProtocols;DBXMySQLDriver;bindengine;soaprtl;FMXTee;inet;fmxobj;fmxdae;kbmMemRunDXE2Std;dbexpress;$(DCC_UsePackage)</DCC_UsePackage>
        <DCC_DcuOutput>.\$(Platform)\$(Config)</DCC_DcuOutput>
        <DCC_ExeOutput>.\$(Platform)\$(Config)</DCC_ExeOutput>
    </PropertyGroup>
    <PropertyGroup Condition="'$(Base_Win32)'!=''">
        <Manifest_File>$(BDS)\bin\default_app.manifest</Manifest_File>
        <VerInfo_Locale>1033</VerInfo_Locale>
        <VerInfo_IncludeVerInfo>true</VerInfo_IncludeVerInfo>
        <DCC_UsePackage>JvGlobus;JvMM;cxLibraryRS16;dxLayoutControlRS16;JvManagedThreads;dxCoreRS16;cxExportRS16;dxBarRS16;dxSkinsdxNavBarPainterRS16;AbbreviaVCL;JvDlgs;JvCrypt;TeeDB;RemObjects_WebBroker_D16;inetdbbde;Rave100VCL;vclib;JvNet;cxPageControlRS16;dxRibbonRS16;JvDotNetCtrls;vclSvComV7D16;vclimg;RemObjects_Indy_D16;fmi;dxComnRS16;JvXPCtrls;AsyncPro;vcldb;dxSkinsdxRibbonPainterRS16;vcldsnap;dxBarExtDBItemsRS16;Intraweb_120_160;vclribbon;vcl;cxDataRS16;cxBarEditItemRS16;cxPageControldxBarPopupMenuRS16;dxDockingRS16;JvAppFrm;JvDB;JvRuntimeDesign;webdsnap;dxBarExtItemsRS16;dxSkinsdxDLPainterRS16;JclDeveloperTools;JvDocking;adortl;JvWizards;JvHMI;JvBands;vcldbx;dxNavBarRS16;VirtualTreesD;dxSkinsdxBarPainterRS16;JvPluginSystem;Tee;TsiLang_XE2r;JvCmp;dxSkinsCoreRS16;JvSystem;svnui;SynEdit_RXE2;JvTimeFramework;JvControls;dxmdsRS16;intrawebdb_120_160;cxGridRS16;dxSkinscxPCPainterRS16;cxEditorsRS16;vclactnband;JvJans;JvPrintPreview;dxServerModeRS16;bindcompvcl;JvStdCtrls;JvCustom;Jcl;vclie;JvPageComps;TeeUI;vcltouch;websnap;VclSmp;dxTabbedMDIRS16;dsnapcon;dxThemeRS16;JclVcl;dcldxSkinsCoreRS16;JvPascalInterpreter;vclx;svn;bdertl;VirtualTreesR;RemObjects_Synapse_D16;dxGDIPlusRS16;dxBarDBNavRS16;JvBDE;$(DCC_UsePackage)</DCC_UsePackage>
        <VerInfo_Keys>CompanyName=;FileDescription=;FileVersion=1.0.0.0;InternalName=;LegalCopyright=;LegalTrademarks=;OriginalFilename=;ProductName=;ProductVersion=1.0.0.0;Comments=</VerInfo_Keys>
        <DCC_Namespace>Winapi;System.Win;Data.Win;Datasnap.Win;Web.Win;Soap.Win;Xml.Win;Bde;$(DCC_Namespace)</DCC_Namespace>
    </PropertyGroup>
    <PropertyGroup Condition="'$(Base_Win64)'!=''">
        <DCC_UsePackage>cxLibraryRS16;dxLayoutControlRS16;dxCoreRS16;cxExportRS16;dxBarRS16;dxSkinsdxNavBarPainterRS16;AbbreviaVCL;TeeDB;vclib;cxPageControlRS16;dxRibbonRS16;vclimg;dxComnRS16;vcldb;dxSkinsdxRibbonPainterRS16;vcldsnap;dxBarExtDBItemsRS16;vclribbon;vcl;cxDataRS16;cxBarEditItemRS16;cxPageControldxBarPopupMenuRS16;dxDockingRS16;webdsnap;dxBarExtItemsRS16;dxSkinsdxDLPainterRS16;adortl;dxNavBarRS16;dxSkinsdxBarPainterRS16;Tee;dxSkinsCoreRS16;SynEdit_RXE2;dxmdsRS16;cxGridRS16;dxSkinscxPCPainterRS16;cxEditorsRS16;vclactnband;dxServerModeRS16;bindcompvcl;vclie;TeeUI;vcltouch;websnap;VclSmp;dxTabbedMDIRS16;dsnapcon;dxThemeRS16;dcldxSkinsCoreRS16;vclx;dxGDIPlusRS16;dxBarDBNavRS16;$(DCC_UsePackage)</DCC_UsePackage>
    </PropertyGroup>
    <PropertyGroup Condition="'$(Cfg_1)'!=''">
        <DCC_Define>DEBUG;$(DCC_Define)</DCC_Define>
        <DCC_Optimize>false</DCC_Optimize>
        <DCC_GenerateStackFrames>true</DCC_GenerateStackFrames>
        <DCC_DebugInfoInExe>true</DCC_DebugInfoInExe>
        <DCC_RemoteDebug>true</DCC_RemoteDebug>
    </PropertyGroup>
    <PropertyGroup Condition="'$(Cfg_1_Win32)'!=''">
        <DCC_RemoteDebug>false</DCC_RemoteDebug>
    </PropertyGroup>
    <PropertyGroup Condition="'$(Cfg_2)'!=''">
        <DCC_LocalDebugSymbols>false</DCC_LocalDebugSymbols>
        <DCC_Define>RELEASE;$(DCC_Define)</DCC_Define>
        <DCC_SymbolReferenceInfo>0</DCC_SymbolReferenceInfo>
        <DCC_DebugInformation>0</DCC_DebugInformation>
    </PropertyGroup>
    <ItemGroup>
        <DelphiCompile Include="$(MainSource)">
            <MainSource>MainSource</MainSource>
        </DelphiCompile>
        <DCCReference Include="test_61_CollectionToArray.pas">
            <Form>frmTestCollectionToArray</Form>
            <FormType>dfm</FormType>
        </DCCReference>
        <BuildConfiguration Include="Release">
            <Key>Cfg_2</Key>
            <CfgParent>Base</CfgParent>
        </BuildConfiguration>
        <BuildConfiguration Include="Base">
            <Key>Base</Key>
        </BuildConfiguration>
        <BuildConfiguration Include="Debug">
            <Key>Cfg_1</Key>
            <CfgParent>Base</CfgParent>
        </BuildConfiguration>
    </ItemGroup>
    <ProjectExtensions>
        <Borland.Personality>Delphi.Personality.12</Borland.Personality>
        <Borland.ProjectType/>
        <BorlandProject>
            <Delphi.Personality>
                <Source>
                    <Source Name="MainSource">app_61_CollectionToArray.dpr</Source>
                </Source>
                <VersionInfo>
                    <VersionInfo Name="IncludeVerInfo">False</VersionInfo>
                    <VersionInfo Name="AutoIncBuild">False</VersionInfo>
                    <VersionInfo Name="MajorVer">1</VersionInfo>
                    <VersionInfo Name="MinorVer">0</VersionInfo>
                    <VersionInfo Name="Release">0</VersionInfo>
                    <VersionInfo Name="Build">0</VersionInfo>
                    <VersionInfo Name="Debug">False</VersionInfo>
                    <VersionInfo Name="PreRelease">False</VersionInfo>
                    <VersionInfo Name="Special">False</VersionInfo>
                    <VersionInfo Name="Private">False</VersionInfo>
                    <VersionInfo Name="DLL">False</VersionInfo>
                    <VersionInfo Name="Locale">1060</VersionInfo>
                    <VersionInfo Name="CodePage">1250</VersionInfo>
                </VersionInfo>
                <VersionInfoKeys>
                    <VersionInfoKeys Name="CompanyName"/>
                    <VersionInfoKeys Name="FileDescription"/>
                    <VersionInfoKeys Name="FileVersion">1.0.0.0</VersionInfoKeys>
                    <VersionInfoKeys Name="InternalName"/>
                    <VersionInfoKeys Name="LegalCopyright"/>
                    <VersionInfoKeys Name="LegalTrademarks"/>
                    <VersionInfoKeys Name="OriginalFilename"/>
                    <VersionInfoKeys Name="ProductName"/>
                    <VersionInfoKeys Name="ProductVersion">1.0.0.0</VersionInfoKeys>
                    <VersionInfoKeys Name="Comments"/>
                </VersionInfoKeys>
                <Excluded_Packages>
                    <Excluded_Packages Name="C:\Users\Public\Documents\RAD Studio\9.0\Bpl\AsyncPro_DXE2.bpl">TurboPower Async Professional 5.01 Runtime Package</Excluded_Packages>
                    <Excluded_Packages Name="C:\Users\Public\Documents\RAD Studio\9.0\Bpl\dxGDIPlusRS16.bpl">ExpressGDI+ Library by Developer Express Inc.</Excluded_Packages>
                    <Excluded_Packages Name="C:\Users\Public\Documents\RAD Studio\9.0\Bpl\dxBarDBNavRS16.bpl">ExpressBars DBNavigator by Developer Express Inc.</Excluded_Packages>
                    <Excluded_Packages Name="C:\Users\Public\Documents\RAD Studio\9.0\Bpl\OverbyteIcsDXe2Design.bpl">File C:\Users\Public\Documents\RAD Studio\9.0\Bpl\OverbyteIcsDXe2Design.bpl not found</Excluded_Packages>
                    <Excluded_Packages Name="C:\Users\Public\Documents\RAD Studio\9.0\Bpl\FABComps_dXE2.bpl">FAB Delphi Components</Excluded_Packages>
                    <Excluded_Packages Name="$(BDSBIN)\dclib160.bpl">Embarcadero InterBase Express Components</Excluded_Packages>
                    <Excluded_Packages Name="C:\Users\Public\Documents\RAD Studio\9.0\Bpl\B305vdXE2.bpl">File C:\Users\Public\Documents\RAD Studio\9.0\Bpl\B305vdXE2.bpl not found</Excluded_Packages>
                    <Excluded_Packages Name="C:\Program Files (x86)\FastReports\LibD16\dclfs16.bpl">File C:\Program Files (x86)\FastReports\LibD16\dclfs16.bpl not found</Excluded_Packages>
                    <Excluded_Packages Name="C:\Program Files (x86)\FastReports\LibD16\dclfrx16.bpl">File C:\Program Files (x86)\FastReports\LibD16\dclfrx16.bpl not found</Excluded_Packages>
                    <Excluded_Packages Name="C:\Program Files (x86)\FastReports\LibD16\dclfsDB16.bpl">File C:\Program Files (x86)\FastReports\LibD16\dclfsDB16.bpl not found</Excluded_Packages>
                    <Excluded_Packages Name="C:\Program Files (x86)\FastReports\LibD16\dclfrxe16.bpl">File C:\Program Files (x86)\FastReports\LibD16\dclfrxe16.bpl not found</Excluded_Packages>
                    <Excluded_Packages Name="C:\Program Files (x86)\FastReports\LibD16\dclfrxDB16.bpl">File C:\Program Files (x86)\FastReports\LibD16\dclfrxDB16.bpl not found</Excluded_Packages>
                    <Excluded_Packages Name="$(BDSBIN)\dcloffice2k160.bpl">Microsoft Office 2000 Sample Automation Server Wrapper Components</Excluded_Packages>
                    <Excluded_Packages Name="$(BDSBIN)\dclofficexp160.bpl">Microsoft Office XP Sample Automation Server Wrapper Components</Excluded_Packages>
                    <Excluded_Packages Name="$(BDSBIN)\dclIPIndyImpl160.bpl">IP Abstraction Indy Implementation Design Time</Excluded_Packages>
                    <Excluded_Packages Name="C:\Program Files (x86)\DevExpress VCL\Library\RS16\dxSkinBlackRS16.bpl">File C:\Program Files (x86)\DevExpress VCL\Library\RS16\dxSkinBlackRS16.bpl not found</Excluded_Packages>
                    <Excluded_Packages Name="C:\Program Files (x86)\DevExpress VCL\Library\RS16\dxSkinBlueprintRS16.bpl">File C:\Program Files (x86)\DevExpress VCL\Library\RS16\dxSkinBlueprintRS16.bpl not found</Excluded_Packages>
                    <Excluded_Packages Name="C:\Program Files (x86)\DevExpress VCL\Library\RS16\dxSkinBlueRS16.bpl">File C:\Program Files (x86)\DevExpress VCL\Library\RS16\dxSkinBlueRS16.bpl not found</Excluded_Packages>
                    <Excluded_Packages Name="C:\Program Files (x86)\DevExpress VCL\Library\RS16\dxSkinCaramelRS16.bpl">File C:\Program Files (x86)\DevExpress VCL\Library\RS16\dxSkinCaramelRS16.bpl not found</Excluded_Packages>
                    <Excluded_Packages Name="C:\Program Files (x86)\DevExpress VCL\Library\RS16\dxSkinCoffeeRS16.bpl">File C:\Program Files (x86)\DevExpress VCL\Library\RS16\dxSkinCoffeeRS16.bpl not found</Excluded_Packages>
                    <Excluded_Packages Name="C:\Program Files (x86)\DevExpress VCL\Library\RS16\dxSkinDarkRoomRS16.bpl">File C:\Program Files (x86)\DevExpress VCL\Library\RS16\dxSkinDarkRoomRS16.bpl not found</Excluded_Packages>
                    <Excluded_Packages Name="C:\Program Files (x86)\DevExpress VCL\Library\RS16\dxSkinDarkSideRS16.bpl">File C:\Program Files (x86)\DevExpress VCL\Library\RS16\dxSkinDarkSideRS16.bpl not found</Excluded_Packages>
                    <Excluded_Packages Name="C:\Program Files (x86)\DevExpress VCL\Library\RS16\dxSkinDevExpressDarkStyleRS16.bpl">File C:\Program Files (x86)\DevExpress VCL\Library\RS16\dxSkinDevExpressDarkStyleRS16.bpl not found</Excluded_Packages>
                    <Excluded_Packages Name="C:\Program Files (x86)\DevExpress VCL\Library\RS16\dxSkinDevExpressStyleRS16.bpl">File C:\Program Files (x86)\DevExpress VCL\Library\RS16\dxSkinDevExpressStyleRS16.bpl not found</Excluded_Packages>
                    <Excluded_Packages Name="C:\Program Files (x86)\DevExpress VCL\Library\RS16\dxSkinFoggyRS16.bpl">File C:\Program Files (x86)\DevExpress VCL\Library\RS16\dxSkinFoggyRS16.bpl not found</Excluded_Packages>
                    <Excluded_Packages Name="C:\Program Files (x86)\DevExpress VCL\Library\RS16\dxSkinGlassOceansRS16.bpl">File C:\Program Files (x86)\DevExpress VCL\Library\RS16\dxSkinGlassOceansRS16.bpl not found</Excluded_Packages>
                    <Excluded_Packages Name="C:\Program Files (x86)\DevExpress VCL\Library\RS16\dxSkinHighContrastRS16.bpl">File C:\Program Files (x86)\DevExpress VCL\Library\RS16\dxSkinHighContrastRS16.bpl not found</Excluded_Packages>
                    <Excluded_Packages Name="C:\Program Files (x86)\DevExpress VCL\Library\RS16\dxSkiniMaginaryRS16.bpl">File C:\Program Files (x86)\DevExpress VCL\Library\RS16\dxSkiniMaginaryRS16.bpl not found</Excluded_Packages>
                    <Excluded_Packages Name="C:\Program Files (x86)\DevExpress VCL\Library\RS16\dxSkinLilianRS16.bpl">File C:\Program Files (x86)\DevExpress VCL\Library\RS16\dxSkinLilianRS16.bpl not found</Excluded_Packages>
                    <Excluded_Packages Name="C:\Program Files (x86)\DevExpress VCL\Library\RS16\dxSkinLiquidSkyRS16.bpl">File C:\Program Files (x86)\DevExpress VCL\Library\RS16\dxSkinLiquidSkyRS16.bpl not found</Excluded_Packages>
                    <Excluded_Packages Name="C:\Program Files (x86)\DevExpress VCL\Library\RS16\dxSkinLondonLiquidSkyRS16.bpl">File C:\Program Files (x86)\DevExpress VCL\Library\RS16\dxSkinLondonLiquidSkyRS16.bpl not found</Excluded_Packages>
                    <Excluded_Packages Name="C:\Program Files (x86)\DevExpress VCL\Library\RS16\dxSkinMcSkinRS16.bpl">File C:\Program Files (x86)\DevExpress VCL\Library\RS16\dxSkinMcSkinRS16.bpl not found</Excluded_Packages>
                    <Excluded_Packages Name="C:\Program Files (x86)\DevExpress VCL\Library\RS16\dxSkinMoneyTwinsRS16.bpl">File C:\Program Files (x86)\DevExpress VCL\Library\RS16\dxSkinMoneyTwinsRS16.bpl not found</Excluded_Packages>
                    <Excluded_Packages Name="C:\Program Files (x86)\DevExpress VCL\Library\RS16\dxSkinOffice2007BlackRS16.bpl">File C:\Program Files (x86)\DevExpress VCL\Library\RS16\dxSkinOffice2007BlackRS16.bpl not found</Excluded_Packages>
                    <Excluded_Packages Name="C:\Program Files (x86)\DevExpress VCL\Library\RS16\dxSkinOffice2007BlueRS16.bpl">File C:\Program Files (x86)\DevExpress VCL\Library\RS16\dxSkinOffice2007BlueRS16.bpl not found</Excluded_Packages>
                    <Excluded_Packages Name="C:\Program Files (x86)\DevExpress VCL\Library\RS16\dxSkinOffice2007GreenRS16.bpl">File C:\Program Files (x86)\DevExpress VCL\Library\RS16\dxSkinOffice2007GreenRS16.bpl not found</Excluded_Packages>
                    <Excluded_Packages Name="C:\Program Files (x86)\DevExpress VCL\Library\RS16\dxSkinOffice2007PinkRS16.bpl">File C:\Program Files (x86)\DevExpress VCL\Library\RS16\dxSkinOffice2007PinkRS16.bpl not found</Excluded_Packages>
                    <Excluded_Packages Name="C:\Program Files (x86)\DevExpress VCL\Library\RS16\dxSkinOffice2007SilverRS16.bpl">File C:\Program Files (x86)\DevExpress VCL\Library\RS16\dxSkinOffice2007SilverRS16.bpl not found</Excluded_Packages>
                    <Excluded_Packages Name="C:\Program Files (x86)\DevExpress VCL\Library\RS16\dxSkinOffice2010BlackRS16.bpl">File C:\Program Files (x86)\DevExpress VCL\Library\RS16\dxSkinOffice2010BlackRS16.bpl not found</Excluded_Packages>
                    <Excluded_Packages Name="C:\Program Files (x86)\DevExpress VCL\Library\RS16\dxSkinOffice2010BlueRS16.bpl">File C:\Program Files (x86)\DevExpress VCL\Library\RS16\dxSkinOffice2010BlueRS16.bpl not found</Excluded_Packages>
                    <Excluded_Packages Name="C:\Program Files (x86)\DevExpress VCL\Library\RS16\dxSkinOffice2010SilverRS16.bpl">File C:\Program Files (x86)\DevExpress VCL\Library\RS16\dxSkinOffice2010SilverRS16.bpl not found</Excluded_Packages>
                    <Excluded_Packages Name="C:\Program Files (x86)\DevExpress VCL\Library\RS16\dxSkinPumpkinRS16.bpl">File C:\Program Files (x86)\DevExpress VCL\Library\RS16\dxSkinPumpkinRS16.bpl not found</Excluded_Packages>
                    <Excluded_Packages Name="C:\Program Files (x86)\DevExpress VCL\Library\RS16\dxSkinSevenClassicRS16.bpl">File C:\Program Files (x86)\DevExpress VCL\Library\RS16\dxSkinSevenClassicRS16.bpl not found</Excluded_Packages>
                    <Excluded_Packages Name="C:\Program Files (x86)\DevExpress VCL\Library\RS16\dxSkinSevenRS16.bpl">File C:\Program Files (x86)\DevExpress VCL\Library\RS16\dxSkinSevenRS16.bpl not found</Excluded_Packages>
                    <Excluded_Packages Name="C:\Program Files (x86)\DevExpress VCL\Library\RS16\dxSkinSharpPlusRS16.bpl">File C:\Program Files (x86)\DevExpress VCL\Library\RS16\dxSkinSharpPlusRS16.bpl not found</Excluded_Packages>
                    <Excluded_Packages Name="C:\Program Files (x86)\DevExpress VCL\Library\RS16\dxSkinSharpRS16.bpl">File C:\Program Files (x86)\DevExpress VCL\Library\RS16\dxSkinSharpRS16.bpl not found</Excluded_Packages>
                    <Excluded_Packages Name="C:\Program Files (x86)\DevExpress VCL\Library\RS16\dxSkinSilverRS16.bpl">File C:\Program Files (x86)\DevExpress VCL\Library\RS16\dxSkinSilverRS16.bpl not found</Excluded_Packages>
                    <Excluded_Packages Name="C:\Program Files (x86)\DevExpress VCL\Library\RS16\dxSkinSpringTimeRS16.bpl">File C:\Program Files (x86)\DevExpress VCL\Library\RS16\dxSkinSpringTimeRS16.bpl not found</Excluded_Packages>
                    <Excluded_Packages Name="C:\Program Files (x86)\DevExpress VCL\Library\RS16\dxSkinStardustRS16.bpl">File C:\Program Files (x86)\DevExpress VCL\Library\RS16\dxSkinStardustRS16.bpl not found</Excluded_Packages>
                    <Excluded_Packages Name="C:\Program Files (x86)\DevExpress VCL\Library\RS16\dxSkinSummer2008RS16.bpl">File C:\Program Files (x86)\DevExpress VCL\Library\RS16\dxSkinSummer2008RS16.bpl not found</Excluded_Packages>
                    <Excluded_Packages Name="C:\Program Files (x86)\DevExpress VCL\Library\RS16\dxSkinTheAsphaltWorldRS16.bpl">File C:\Program Files (x86)\DevExpress VCL\Library\RS16\dxSkinTheAsphaltWorldRS16.bpl not found</Excluded_Packages>
                    <Excluded_Packages Name="C:\Program Files (x86)\DevExpress VCL\Library\RS16\dxSkinValentineRS16.bpl">File C:\Program Files (x86)\DevExpress VCL\Library\RS16\dxSkinValentineRS16.bpl not found</Excluded_Packages>
                    <Excluded_Packages Name="C:\Program Files (x86)\DevExpress VCL\Library\RS16\dxSkinVS2010RS16.bpl">File C:\Program Files (x86)\DevExpress VCL\Library\RS16\dxSkinVS2010RS16.bpl not found</Excluded_Packages>
                    <Excluded_Packages Name="C:\Program Files (x86)\DevExpress VCL\Library\RS16\dxSkinWhiteprintRS16.bpl">File C:\Program Files (x86)\DevExpress VCL\Library\RS16\dxSkinWhiteprintRS16.bpl not found</Excluded_Packages>
                    <Excluded_Packages Name="C:\Program Files (x86)\DevExpress VCL\Library\RS16\dxSkinXmas2008BlueRS16.bpl">File C:\Program Files (x86)\DevExpress VCL\Library\RS16\dxSkinXmas2008BlueRS16.bpl not found</Excluded_Packages>
                    <Excluded_Packages Name="C:\Users\Public\Documents\RAD Studio\9.0\Bpl\OmniThreadLibraryDesigntimeXE2.bpl">OmniThreadLibrary designtime</Excluded_Packages>
                </Excluded_Packages>
            </Delphi.Personality>
            <Deployment/>
            <Platforms>
                <Platform value="Win32">True</Platform>
                <Platform value="Win64">False</Platform>
            </Platforms>
        </BorlandProject>
        <ProjectFileVersion>12</ProjectFileVersion>
    </ProjectExtensions>
    <Import Condition="Exists('$(BDS)\Bin\CodeGear.Delphi.Targets')" Project="$(BDS)\Bin\CodeGear.Delphi.Targets"/>
    <Import Condition="Exists('$(APPDATA)\Embarcadero\$(BDSAPPDATABASEDIR)\$(PRODUCTVERSION)\UserTools.proj')" Project="$(APPDATA)\Embarcadero\$(BDSAPPDATABASEDIR)\$(PRODUCTVERSION)\UserTools.proj"/>
</Project>
